// !$*UTF8*$!
{
	archiveVersion = 1;
	classes = {
	};
	objectVersion = 50;
	objects = {

/* Begin PBXBuildFile section */
		705C0213251BE1A70006AE0F /* AppDelegate.swift in Sources */ = {isa = PBXBuildFile; fileRef = 705C0212251BE1A70006AE0F /* AppDelegate.swift */; };
		705C021C251BE1AA0006AE0F /* Assets.xcassets in Resources */ = {isa = PBXBuildFile; fileRef = 705C021B251BE1AA0006AE0F /* Assets.xcassets */; };
		705C021F251BE1AA0006AE0F /* LaunchScreen.storyboard in Resources */ = {isa = PBXBuildFile; fileRef = 705C021D251BE1AA0006AE0F /* LaunchScreen.storyboard */; };
		705C022A251BE5060006AE0F /* FeedsViewController.swift in Sources */ = {isa = PBXBuildFile; fileRef = 705C0229251BE5060006AE0F /* FeedsViewController.swift */; };
		705C022C251BE51E0006AE0F /* FeedsViewUILayout.swift in Sources */ = {isa = PBXBuildFile; fileRef = 705C022B251BE51E0006AE0F /* FeedsViewUILayout.swift */; };
		705C022F251BE55F0006AE0F /* AppTheme.swift in Sources */ = {isa = PBXBuildFile; fileRef = 705C022E251BE55F0006AE0F /* AppTheme.swift */; };
		705C0231251BE65C0006AE0F /* Colors.xcassets in Resources */ = {isa = PBXBuildFile; fileRef = 705C0230251BE65C0006AE0F /* Colors.xcassets */; };
		705C0233251BE7A80006AE0F /* Constants.swift in Sources */ = {isa = PBXBuildFile; fileRef = 705C0232251BE7A80006AE0F /* Constants.swift */; };
		707DC77B251CE1EE004049F0 /* FeedsTableViewCell.swift in Sources */ = {isa = PBXBuildFile; fileRef = 707DC77A251CE1EE004049F0 /* FeedsTableViewCell.swift */; };
		707DC77D251CE21D004049F0 /* FeedsTableCellUILayout.swift in Sources */ = {isa = PBXBuildFile; fileRef = 707DC77C251CE21D004049F0 /* FeedsTableCellUILayout.swift */; };
		707DC780251CE5F4004049F0 /* Feed.swift in Sources */ = {isa = PBXBuildFile; fileRef = 707DC77F251CE5F4004049F0 /* Feed.swift */; };
		707DC783251CE62F004049F0 /* NetworkClient.swift in Sources */ = {isa = PBXBuildFile; fileRef = 707DC782251CE62F004049F0 /* NetworkClient.swift */; };
		707DC786251CE723004049F0 /* FetchFeedsRequest.swift in Sources */ = {isa = PBXBuildFile; fileRef = 707DC785251CE723004049F0 /* FetchFeedsRequest.swift */; };
		707DC78B251CE828004049F0 /* FeedsViewModel.swift in Sources */ = {isa = PBXBuildFile; fileRef = 707DC78A251CE828004049F0 /* FeedsViewModel.swift */; };
		707DC78E251CE876004049F0 /* FeedsViewModelImplementation.swift in Sources */ = {isa = PBXBuildFile; fileRef = 707DC78D251CE876004049F0 /* FeedsViewModelImplementation.swift */; };
		707DC790251CE886004049F0 /* FeedsUseCases.swift in Sources */ = {isa = PBXBuildFile; fileRef = 707DC78F251CE886004049F0 /* FeedsUseCases.swift */; };
		707DC792251CE898004049F0 /* FeedsUseCasesImplementation.swift in Sources */ = {isa = PBXBuildFile; fileRef = 707DC791251CE898004049F0 /* FeedsUseCasesImplementation.swift */; };
		707DC794251CEA75004049F0 /* FeedsView.swift in Sources */ = {isa = PBXBuildFile; fileRef = 707DC793251CEA75004049F0 /* FeedsView.swift */; };
/* End PBXBuildFile section */

/* Begin PBXFileReference section */
		705C020F251BE1A70006AE0F /* Factastic.app */ = {isa = PBXFileReference; explicitFileType = wrapper.application; includeInIndex = 0; path = Factastic.app; sourceTree = BUILT_PRODUCTS_DIR; };
		705C0212251BE1A70006AE0F /* AppDelegate.swift */ = {isa = PBXFileReference; lastKnownFileType = sourcecode.swift; path = AppDelegate.swift; sourceTree = "<group>"; };
		705C021B251BE1AA0006AE0F /* Assets.xcassets */ = {isa = PBXFileReference; lastKnownFileType = folder.assetcatalog; path = Assets.xcassets; sourceTree = "<group>"; };
		705C021E251BE1AA0006AE0F /* Base */ = {isa = PBXFileReference; lastKnownFileType = file.storyboard; name = Base; path = Base.lproj/LaunchScreen.storyboard; sourceTree = "<group>"; };
		705C0220251BE1AA0006AE0F /* Info.plist */ = {isa = PBXFileReference; lastKnownFileType = text.plist.xml; path = Info.plist; sourceTree = "<group>"; };
		705C0229251BE5060006AE0F /* FeedsViewController.swift */ = {isa = PBXFileReference; lastKnownFileType = sourcecode.swift; path = FeedsViewController.swift; sourceTree = "<group>"; };
		705C022B251BE51E0006AE0F /* FeedsViewUILayout.swift */ = {isa = PBXFileReference; lastKnownFileType = sourcecode.swift; path = FeedsViewUILayout.swift; sourceTree = "<group>"; };
		705C022E251BE55F0006AE0F /* AppTheme.swift */ = {isa = PBXFileReference; lastKnownFileType = sourcecode.swift; path = AppTheme.swift; sourceTree = "<group>"; };
		705C0230251BE65C0006AE0F /* Colors.xcassets */ = {isa = PBXFileReference; lastKnownFileType = folder.assetcatalog; path = Colors.xcassets; sourceTree = "<group>"; };
		705C0232251BE7A80006AE0F /* Constants.swift */ = {isa = PBXFileReference; lastKnownFileType = sourcecode.swift; path = Constants.swift; sourceTree = "<group>"; };
		707DC77A251CE1EE004049F0 /* FeedsTableViewCell.swift */ = {isa = PBXFileReference; lastKnownFileType = sourcecode.swift; path = FeedsTableViewCell.swift; sourceTree = "<group>"; };
		707DC77C251CE21D004049F0 /* FeedsTableCellUILayout.swift */ = {isa = PBXFileReference; lastKnownFileType = sourcecode.swift; path = FeedsTableCellUILayout.swift; sourceTree = "<group>"; };
		707DC77F251CE5F4004049F0 /* Feed.swift */ = {isa = PBXFileReference; lastKnownFileType = sourcecode.swift; path = Feed.swift; sourceTree = "<group>"; };
		707DC782251CE62F004049F0 /* NetworkClient.swift */ = {isa = PBXFileReference; lastKnownFileType = sourcecode.swift; path = NetworkClient.swift; sourceTree = "<group>"; };
		707DC785251CE723004049F0 /* FetchFeedsRequest.swift */ = {isa = PBXFileReference; lastKnownFileType = sourcecode.swift; path = FetchFeedsRequest.swift; sourceTree = "<group>"; };
		707DC78A251CE828004049F0 /* FeedsViewModel.swift */ = {isa = PBXFileReference; lastKnownFileType = sourcecode.swift; path = FeedsViewModel.swift; sourceTree = "<group>"; };
		707DC78D251CE876004049F0 /* FeedsViewModelImplementation.swift */ = {isa = PBXFileReference; lastKnownFileType = sourcecode.swift; path = FeedsViewModelImplementation.swift; sourceTree = "<group>"; };
		707DC78F251CE886004049F0 /* FeedsUseCases.swift */ = {isa = PBXFileReference; lastKnownFileType = sourcecode.swift; path = FeedsUseCases.swift; sourceTree = "<group>"; };
		707DC791251CE898004049F0 /* FeedsUseCasesImplementation.swift */ = {isa = PBXFileReference; lastKnownFileType = sourcecode.swift; path = FeedsUseCasesImplementation.swift; sourceTree = "<group>"; };
		707DC793251CEA75004049F0 /* FeedsView.swift */ = {isa = PBXFileReference; lastKnownFileType = sourcecode.swift; path = FeedsView.swift; sourceTree = "<group>"; };
/* End PBXFileReference section */

/* Begin PBXFrameworksBuildPhase section */
		705C020C251BE1A70006AE0F /* Frameworks */ = {
			isa = PBXFrameworksBuildPhase;
			buildActionMask = 2147483647;
			files = (
			);
			runOnlyForDeploymentPostprocessing = 0;
		};
/* End PBXFrameworksBuildPhase section */

/* Begin PBXGroup section */
		705C0206251BE1A70006AE0F = {
			isa = PBXGroup;
			children = (
				705C0211251BE1A70006AE0F /* Factastic */,
				705C0210251BE1A70006AE0F /* Products */,
			);
			sourceTree = "<group>";
		};
		705C0210251BE1A70006AE0F /* Products */ = {
			isa = PBXGroup;
			children = (
				705C020F251BE1A70006AE0F /* Factastic.app */,
			);
			name = Products;
			sourceTree = "<group>";
		};
		705C0211251BE1A70006AE0F /* Factastic */ = {
			isa = PBXGroup;
			children = (
				705C0226251BE4CD0006AE0F /* App */,
				707DC784251CE706004049F0 /* NetworkRequests */,
				707DC781251CE619004049F0 /* NetworkClient */,
				707DC77E251CE5E6004049F0 /* Models */,
				705C0227251BE4D90006AE0F /* Resources */,
				707DC779251CE1CA004049F0 /* TableViewCells */,
				705C0228251BE4F30006AE0F /* Scenes */,
				705C022D251BE5480006AE0F /* Constants */,
				705C0220251BE1AA0006AE0F /* Info.plist */,
			);
			path = Factastic;
			sourceTree = "<group>";
		};
		705C0226251BE4CD0006AE0F /* App */ = {
			isa = PBXGroup;
			children = (
				705C0212251BE1A70006AE0F /* AppDelegate.swift */,
			);
			path = App;
			sourceTree = "<group>";
		};
		705C0227251BE4D90006AE0F /* Resources */ = {
			isa = PBXGroup;
			children = (
				705C021B251BE1AA0006AE0F /* Assets.xcassets */,
				705C021D251BE1AA0006AE0F /* LaunchScreen.storyboard */,
				705C0230251BE65C0006AE0F /* Colors.xcassets */,
			);
			path = Resources;
			sourceTree = "<group>";
		};
		705C0228251BE4F30006AE0F /* Scenes */ = {
			isa = PBXGroup;
			children = (
				707DC787251CE7EA004049F0 /* View */,
				707DC788251CE7F5004049F0 /* ViewModel */,
				707DC789251CE801004049F0 /* UseCases */,
			);
			path = Scenes;
			sourceTree = "<group>";
		};
		705C022D251BE5480006AE0F /* Constants */ = {
			isa = PBXGroup;
			children = (
				705C022E251BE55F0006AE0F /* AppTheme.swift */,
				705C0232251BE7A80006AE0F /* Constants.swift */,
			);
			path = Constants;
			sourceTree = "<group>";
		};
		707DC779251CE1CA004049F0 /* TableViewCells */ = {
			isa = PBXGroup;
			children = (
				707DC77C251CE21D004049F0 /* FeedsTableCellUILayout.swift */,
				707DC77A251CE1EE004049F0 /* FeedsTableViewCell.swift */,
			);
			path = TableViewCells;
			sourceTree = "<group>";
		};
		707DC77E251CE5E6004049F0 /* Models */ = {
			isa = PBXGroup;
			children = (
				707DC77F251CE5F4004049F0 /* Feed.swift */,
			);
			path = Models;
			sourceTree = "<group>";
		};
		707DC781251CE619004049F0 /* NetworkClient */ = {
			isa = PBXGroup;
			children = (
				707DC782251CE62F004049F0 /* NetworkClient.swift */,
			);
			name = NetworkClient;
			sourceTree = "<group>";
		};
		707DC784251CE706004049F0 /* NetworkRequests */ = {
			isa = PBXGroup;
			children = (
				707DC785251CE723004049F0 /* FetchFeedsRequest.swift */,
			);
			path = NetworkRequests;
			sourceTree = "<group>";
		};
		707DC787251CE7EA004049F0 /* View */ = {
			isa = PBXGroup;
			children = (
				707DC793251CEA75004049F0 /* FeedsView.swift */,
				705C022B251BE51E0006AE0F /* FeedsViewUILayout.swift */,
				705C0229251BE5060006AE0F /* FeedsViewController.swift */,
			);
			path = View;
			sourceTree = "<group>";
		};
		707DC788251CE7F5004049F0 /* ViewModel */ = {
			isa = PBXGroup;
			children = (
				707DC78A251CE828004049F0 /* FeedsViewModel.swift */,
				707DC78D251CE876004049F0 /* FeedsViewModelImplementation.swift */,
			);
			path = ViewModel;
			sourceTree = "<group>";
		};
		707DC789251CE801004049F0 /* UseCases */ = {
			isa = PBXGroup;
			children = (
				707DC78F251CE886004049F0 /* FeedsUseCases.swift */,
				707DC791251CE898004049F0 /* FeedsUseCasesImplementation.swift */,
			);
			path = UseCases;
			sourceTree = "<group>";
		};
/* End PBXGroup section */

/* Begin PBXNativeTarget section */
		705C020E251BE1A70006AE0F /* Factastic */ = {
			isa = PBXNativeTarget;
			buildConfigurationList = 705C0223251BE1AA0006AE0F /* Build configuration list for PBXNativeTarget "Factastic" */;
			buildPhases = (
				705C020B251BE1A70006AE0F /* Sources */,
				705C020C251BE1A70006AE0F /* Frameworks */,
				705C020D251BE1A70006AE0F /* Resources */,
			);
			buildRules = (
			);
			dependencies = (
			);
			name = Factastic;
			productName = Factastic;
			productReference = 705C020F251BE1A70006AE0F /* Factastic.app */;
			productType = "com.apple.product-type.application";
		};
/* End PBXNativeTarget section */

/* Begin PBXProject section */
		705C0207251BE1A70006AE0F /* Project object */ = {
			isa = PBXProject;
			attributes = {
				LastSwiftUpdateCheck = 1150;
				LastUpgradeCheck = 1150;
				ORGANIZATIONNAME = "Rashmikant Makwana";
				TargetAttributes = {
					705C020E251BE1A70006AE0F = {
						CreatedOnToolsVersion = 11.5;
					};
				};
			};
			buildConfigurationList = 705C020A251BE1A70006AE0F /* Build configuration list for PBXProject "Factastic" */;
			compatibilityVersion = "Xcode 9.3";
			developmentRegion = en;
			hasScannedForEncodings = 0;
			knownRegions = (
				en,
				Base,
			);
			mainGroup = 705C0206251BE1A70006AE0F;
			productRefGroup = 705C0210251BE1A70006AE0F /* Products */;
			projectDirPath = "";
			projectRoot = "";
			targets = (
				705C020E251BE1A70006AE0F /* Factastic */,
			);
		};
/* End PBXProject section */

/* Begin PBXResourcesBuildPhase section */
		705C020D251BE1A70006AE0F /* Resources */ = {
			isa = PBXResourcesBuildPhase;
			buildActionMask = 2147483647;
			files = (
				705C0231251BE65C0006AE0F /* Colors.xcassets in Resources */,
				705C021F251BE1AA0006AE0F /* LaunchScreen.storyboard in Resources */,
				705C021C251BE1AA0006AE0F /* Assets.xcassets in Resources */,
			);
			runOnlyForDeploymentPostprocessing = 0;
		};
/* End PBXResourcesBuildPhase section */

/* Begin PBXSourcesBuildPhase section */
		705C020B251BE1A70006AE0F /* Sources */ = {
			isa = PBXSourcesBuildPhase;
			buildActionMask = 2147483647;
			files = (
				707DC786251CE723004049F0 /* FetchFeedsRequest.swift in Sources */,
				705C0233251BE7A80006AE0F /* Constants.swift in Sources */,
				707DC780251CE5F4004049F0 /* Feed.swift in Sources */,
				707DC77B251CE1EE004049F0 /* FeedsTableViewCell.swift in Sources */,
				707DC77D251CE21D004049F0 /* FeedsTableCellUILayout.swift in Sources */,
				705C022C251BE51E0006AE0F /* FeedsViewUILayout.swift in Sources */,
				707DC790251CE886004049F0 /* FeedsUseCases.swift in Sources */,
				707DC792251CE898004049F0 /* FeedsUseCasesImplementation.swift in Sources */,
				707DC78B251CE828004049F0 /* FeedsViewModel.swift in Sources */,
				707DC783251CE62F004049F0 /* NetworkClient.swift in Sources */,
				705C022F251BE55F0006AE0F /* AppTheme.swift in Sources */,
				705C022A251BE5060006AE0F /* FeedsViewController.swift in Sources */,
				707DC78E251CE876004049F0 /* FeedsViewModelImplementation.swift in Sources */,
				705C0213251BE1A70006AE0F /* AppDelegate.swift in Sources */,
				707DC794251CEA75004049F0 /* FeedsView.swift in Sources */,
			);
			runOnlyForDeploymentPostprocessing = 0;
		};
/* End PBXSourcesBuildPhase section */

/* Begin PBXVariantGroup section */
		705C021D251BE1AA0006AE0F /* LaunchScreen.storyboard */ = {
			isa = PBXVariantGroup;
			children = (
				705C021E251BE1AA0006AE0F /* Base */,
			);
			name = LaunchScreen.storyboard;
			sourceTree = "<group>";
		};
/* End PBXVariantGroup section */

/* Begin XCBuildConfiguration section */
		705C0221251BE1AA0006AE0F /* Debug */ = {
			isa = XCBuildConfiguration;
			buildSettings = {
				ALWAYS_SEARCH_USER_PATHS = NO;
				CLANG_ANALYZER_NONNULL = YES;
				CLANG_ANALYZER_NUMBER_OBJECT_CONVERSION = YES_AGGRESSIVE;
				CLANG_CXX_LANGUAGE_STANDARD = "gnu++14";
				CLANG_CXX_LIBRARY = "libc++";
				CLANG_ENABLE_MODULES = YES;
				CLANG_ENABLE_OBJC_ARC = YES;
				CLANG_ENABLE_OBJC_WEAK = YES;
				CLANG_WARN_BLOCK_CAPTURE_AUTORELEASING = YES;
				CLANG_WARN_BOOL_CONVERSION = YES;
				CLANG_WARN_COMMA = YES;
				CLANG_WARN_CONSTANT_CONVERSION = YES;
				CLANG_WARN_DEPRECATED_OBJC_IMPLEMENTATIONS = YES;
				CLANG_WARN_DIRECT_OBJC_ISA_USAGE = YES_ERROR;
				CLANG_WARN_DOCUMENTATION_COMMENTS = YES;
				CLANG_WARN_EMPTY_BODY = YES;
				CLANG_WARN_ENUM_CONVERSION = YES;
				CLANG_WARN_INFINITE_RECURSION = YES;
				CLANG_WARN_INT_CONVERSION = YES;
				CLANG_WARN_NON_LITERAL_NULL_CONVERSION = YES;
				CLANG_WARN_OBJC_IMPLICIT_RETAIN_SELF = YES;
				CLANG_WARN_OBJC_LITERAL_CONVERSION = YES;
				CLANG_WARN_OBJC_ROOT_CLASS = YES_ERROR;
				CLANG_WARN_RANGE_LOOP_ANALYSIS = YES;
				CLANG_WARN_STRICT_PROTOTYPES = YES;
				CLANG_WARN_SUSPICIOUS_MOVE = YES;
				CLANG_WARN_UNGUARDED_AVAILABILITY = YES_AGGRESSIVE;
				CLANG_WARN_UNREACHABLE_CODE = YES;
				CLANG_WARN__DUPLICATE_METHOD_MATCH = YES;
				COPY_PHASE_STRIP = NO;
				DEBUG_INFORMATION_FORMAT = dwarf;
				ENABLE_STRICT_OBJC_MSGSEND = YES;
				ENABLE_TESTABILITY = YES;
				GCC_C_LANGUAGE_STANDARD = gnu11;
				GCC_DYNAMIC_NO_PIC = NO;
				GCC_NO_COMMON_BLOCKS = YES;
				GCC_OPTIMIZATION_LEVEL = 0;
				GCC_PREPROCESSOR_DEFINITIONS = (
					"DEBUG=1",
					"$(inherited)",
				);
				GCC_WARN_64_TO_32_BIT_CONVERSION = YES;
				GCC_WARN_ABOUT_RETURN_TYPE = YES_ERROR;
				GCC_WARN_UNDECLARED_SELECTOR = YES;
				GCC_WARN_UNINITIALIZED_AUTOS = YES_AGGRESSIVE;
				GCC_WARN_UNUSED_FUNCTION = YES;
				GCC_WARN_UNUSED_VARIABLE = YES;
				IPHONEOS_DEPLOYMENT_TARGET = 13.5;
				MTL_ENABLE_DEBUG_INFO = INCLUDE_SOURCE;
				MTL_FAST_MATH = YES;
				ONLY_ACTIVE_ARCH = YES;
				SDKROOT = iphoneos;
				SWIFT_ACTIVE_COMPILATION_CONDITIONS = DEBUG;
				SWIFT_OPTIMIZATION_LEVEL = "-Onone";
			};
			name = Debug;
		};
		705C0222251BE1AA0006AE0F /* Release */ = {
			isa = XCBuildConfiguration;
			buildSettings = {
				ALWAYS_SEARCH_USER_PATHS = NO;
				CLANG_ANALYZER_NONNULL = YES;
				CLANG_ANALYZER_NUMBER_OBJECT_CONVERSION = YES_AGGRESSIVE;
				CLANG_CXX_LANGUAGE_STANDARD = "gnu++14";
				CLANG_CXX_LIBRARY = "libc++";
				CLANG_ENABLE_MODULES = YES;
				CLANG_ENABLE_OBJC_ARC = YES;
				CLANG_ENABLE_OBJC_WEAK = YES;
				CLANG_WARN_BLOCK_CAPTURE_AUTORELEASING = YES;
				CLANG_WARN_BOOL_CONVERSION = YES;
				CLANG_WARN_COMMA = YES;
				CLANG_WARN_CONSTANT_CONVERSION = YES;
				CLANG_WARN_DEPRECATED_OBJC_IMPLEMENTATIONS = YES;
				CLANG_WARN_DIRECT_OBJC_ISA_USAGE = YES_ERROR;
				CLANG_WARN_DOCUMENTATION_COMMENTS = YES;
				CLANG_WARN_EMPTY_BODY = YES;
				CLANG_WARN_ENUM_CONVERSION = YES;
				CLANG_WARN_INFINITE_RECURSION = YES;
				CLANG_WARN_INT_CONVERSION = YES;
				CLANG_WARN_NON_LITERAL_NULL_CONVERSION = YES;
				CLANG_WARN_OBJC_IMPLICIT_RETAIN_SELF = YES;
				CLANG_WARN_OBJC_LITERAL_CONVERSION = YES;
				CLANG_WARN_OBJC_ROOT_CLASS = YES_ERROR;
				CLANG_WARN_RANGE_LOOP_ANALYSIS = YES;
				CLANG_WARN_STRICT_PROTOTYPES = YES;
				CLANG_WARN_SUSPICIOUS_MOVE = YES;
				CLANG_WARN_UNGUARDED_AVAILABILITY = YES_AGGRESSIVE;
				CLANG_WARN_UNREACHABLE_CODE = YES;
				CLANG_WARN__DUPLICATE_METHOD_MATCH = YES;
				COPY_PHASE_STRIP = NO;
				DEBUG_INFORMATION_FORMAT = "dwarf-with-dsym";
				ENABLE_NS_ASSERTIONS = NO;
				ENABLE_STRICT_OBJC_MSGSEND = YES;
				GCC_C_LANGUAGE_STANDARD = gnu11;
				GCC_NO_COMMON_BLOCKS = YES;
				GCC_WARN_64_TO_32_BIT_CONVERSION = YES;
				GCC_WARN_ABOUT_RETURN_TYPE = YES_ERROR;
				GCC_WARN_UNDECLARED_SELECTOR = YES;
				GCC_WARN_UNINITIALIZED_AUTOS = YES_AGGRESSIVE;
				GCC_WARN_UNUSED_FUNCTION = YES;
				GCC_WARN_UNUSED_VARIABLE = YES;
				IPHONEOS_DEPLOYMENT_TARGET = 13.5;
				MTL_ENABLE_DEBUG_INFO = NO;
				MTL_FAST_MATH = YES;
				SDKROOT = iphoneos;
				SWIFT_COMPILATION_MODE = wholemodule;
				SWIFT_OPTIMIZATION_LEVEL = "-O";
				VALIDATE_PRODUCT = YES;
			};
			name = Release;
		};
		705C0224251BE1AA0006AE0F /* Debug */ = {
			isa = XCBuildConfiguration;
			buildSettings = {
				ASSETCATALOG_COMPILER_APPICON_NAME = AppIcon;
				CODE_SIGN_STYLE = Automatic;
				INFOPLIST_FILE = Factastic/Info.plist;
				LD_RUNPATH_SEARCH_PATHS = (
					"$(inherited)",
					"@executable_path/Frameworks",
				);
				PRODUCT_BUNDLE_IDENTIFIER = com.brainforked.Factastic;
				PRODUCT_NAME = "$(TARGET_NAME)";
				SWIFT_VERSION = 5.0;
				TARGETED_DEVICE_FAMILY = "1,2";
			};
			name = Debug;
		};
		705C0225251BE1AA0006AE0F /* Release */ = {
			isa = XCBuildConfiguration;
			buildSettings = {
				ASSETCATALOG_COMPILER_APPICON_NAME = AppIcon;
				CODE_SIGN_STYLE = Automatic;
				INFOPLIST_FILE = Factastic/Info.plist;
				LD_RUNPATH_SEARCH_PATHS = (
					"$(inherited)",
					"@executable_path/Frameworks",
				);
				PRODUCT_BUNDLE_IDENTIFIER = com.brainforked.Factastic;
				PRODUCT_NAME = "$(TARGET_NAME)";
				SWIFT_VERSION = 5.0;
				TARGETED_DEVICE_FAMILY = "1,2";
			};
			name = Release;
		};
/* End XCBuildConfiguration section */

/* Begin XCConfigurationList section */
		705C020A251BE1A70006AE0F /* Build configuration list for PBXProject "Factastic" */ = {
			isa = XCConfigurationList;
			buildConfigurations = (
				705C0221251BE1AA0006AE0F /* Debug */,
				705C0222251BE1AA0006AE0F /* Release */,
			);
			defaultConfigurationIsVisible = 0;
			defaultConfigurationName = Release;
		};
		705C0223251BE1AA0006AE0F /* Build configuration list for PBXNativeTarget "Factastic" */ = {
			isa = XCConfigurationList;
			buildConfigurations = (
				705C0224251BE1AA0006AE0F /* Debug */,
				705C0225251BE1AA0006AE0F /* Release */,
			);
			defaultConfigurationIsVisible = 0;
			defaultConfigurationName = Release;
		};
/* End XCConfigurationList section */
	};
	rootObject = 705C0207251BE1A70006AE0F /* Project object */;
}
